
Microsoft Visual Studio Solution File, Format Version 12.00
# Visual Studio Version 17
VisualStudioVersion = 17.6.33829.357
MinimumVisualStudioVersion = 10.0.40219.1
Project("{FAE04EC0-301F-11D3-BF4B-00C04F79EFBC}") = "MaVilla_API", "MaVilla_API\MaVilla_API.csproj", "{0493C9B2-31E7-488C-BD2E-F5EB8DF1A09E}"
EndProject
Global
	GlobalSection(SolutionConfigurationPlatforms) = preSolution
		Debug|Any CPU = Debug|Any CPU
		Release|Any CPU = Release|Any CPU
	EndGlobalSection
	GlobalSection(ProjectConfigurationPlatforms) = postSolution
		{0493C9B2-31E7-488C-BD2E-F5EB8DF1A09E}.Debug|Any CPU.ActiveCfg = Debug|Any CPU
		{0493C9B2-31E7-488C-BD2E-F5EB8DF1A09E}.Debug|Any CPU.Build.0 = Debug|Any CPU
		{0493C9B2-31E7-488C-BD2E-F5EB8DF1A09E}.Release|Any CPU.ActiveCfg = Release|Any CPU
		{0493C9B2-31E7-488C-BD2E-F5EB8DF1A09E}.Release|Any CPU.Build.0 = Release|Any CPU
	EndGlobalSection
	GlobalSection(SolutionProperties) = preSolution
		HideSolutionNode = FALSE
	EndGlobalSection
	GlobalSection(ExtensibilityGlobals) = postSolution
		SolutionGuid = {2D2787E7-36FD-444E-B506-7E155E3F6A74}
	EndGlobalSection
EndGlobal
